// !$*UTF8*$!
{
	archiveVersion = 1;
	classes = {
	};
	objectVersion = 56;
	objects = {

/* Begin PBXBuildFile section */
		27AFCB1F2B807E18006258FC /* EmojigmaMainView.swift in Sources */ = {isa = PBXBuildFile; fileRef = 27AFCB1E2B807E18006258FC /* EmojigmaMainView.swift */; };
		27AFCB232B807F1F006258FC /* EmojigmaPickerModel.swift in Sources */ = {isa = PBXBuildFile; fileRef = 27AFCB222B807F1F006258FC /* EmojigmaPickerModel.swift */; };
		27AFCB252B807F92006258FC /* EmojigmaPickerView.swift in Sources */ = {isa = PBXBuildFile; fileRef = 27AFCB242B807F92006258FC /* EmojigmaPickerView.swift */; };
		27AFCB272B808027006258FC /* UIPickerView+Extensions.swift in Sources */ = {isa = PBXBuildFile; fileRef = 27AFCB262B808027006258FC /* UIPickerView+Extensions.swift */; };
		27AFCB292B80805B006258FC /* EmojigmaTextView.swift in Sources */ = {isa = PBXBuildFile; fileRef = 27AFCB282B80805B006258FC /* EmojigmaTextView.swift */; };
		27CA001D2B75F05100B5B37F /* LabApp.swift in Sources */ = {isa = PBXBuildFile; fileRef = 27CA001C2B75F05100B5B37F /* LabApp.swift */; };
		27CA001F2B75F05100B5B37F /* ContentView.swift in Sources */ = {isa = PBXBuildFile; fileRef = 27CA001E2B75F05100B5B37F /* ContentView.swift */; };
		27CA00212B75F05300B5B37F /* Assets.xcassets in Resources */ = {isa = PBXBuildFile; fileRef = 27CA00202B75F05300B5B37F /* Assets.xcassets */; };
		27CA00252B75F05300B5B37F /* Preview Assets.xcassets in Resources */ = {isa = PBXBuildFile; fileRef = 27CA00242B75F05300B5B37F /* Preview Assets.xcassets */; };
		27CA002F2B75F05400B5B37F /* LabTests.swift in Sources */ = {isa = PBXBuildFile; fileRef = 27CA002E2B75F05400B5B37F /* LabTests.swift */; };
		27CA00392B75F05400B5B37F /* LabUITests.swift in Sources */ = {isa = PBXBuildFile; fileRef = 27CA00382B75F05400B5B37F /* LabUITests.swift */; };
		27CA003B2B75F05400B5B37F /* LabUITestsLaunchTests.swift in Sources */ = {isa = PBXBuildFile; fileRef = 27CA003A2B75F05400B5B37F /* LabUITestsLaunchTests.swift */; };
/* End PBXBuildFile section */

/* Begin PBXContainerItemProxy section */
		27CA002B2B75F05400B5B37F /* PBXContainerItemProxy */ = {
			isa = PBXContainerItemProxy;
			containerPortal = 27CA00112B75F05100B5B37F /* Project object */;
			proxyType = 1;
			remoteGlobalIDString = 27CA00182B75F05100B5B37F;
			remoteInfo = Lab;
		};
		27CA00352B75F05400B5B37F /* PBXContainerItemProxy */ = {
			isa = PBXContainerItemProxy;
			containerPortal = 27CA00112B75F05100B5B37F /* Project object */;
			proxyType = 1;
			remoteGlobalIDString = 27CA00182B75F05100B5B37F;
			remoteInfo = Lab;
		};
/* End PBXContainerItemProxy section */

/* Begin PBXFileReference section */
		27AFCB1E2B807E18006258FC /* EmojigmaMainView.swift */ = {isa = PBXFileReference; lastKnownFileType = sourcecode.swift; path = EmojigmaMainView.swift; sourceTree = "<group>"; };
		27AFCB222B807F1F006258FC /* EmojigmaPickerModel.swift */ = {isa = PBXFileReference; lastKnownFileType = sourcecode.swift; path = EmojigmaPickerModel.swift; sourceTree = "<group>"; };
		27AFCB242B807F92006258FC /* EmojigmaPickerView.swift */ = {isa = PBXFileReference; lastKnownFileType = sourcecode.swift; path = EmojigmaPickerView.swift; sourceTree = "<group>"; };
		27AFCB262B808027006258FC /* UIPickerView+Extensions.swift */ = {isa = PBXFileReference; lastKnownFileType = sourcecode.swift; path = "UIPickerView+Extensions.swift"; sourceTree = "<group>"; };
		27AFCB282B80805B006258FC /* EmojigmaTextView.swift */ = {isa = PBXFileReference; lastKnownFileType = sourcecode.swift; path = EmojigmaTextView.swift; sourceTree = "<group>"; };
		27CA00192B75F05100B5B37F /* Lab.app */ = {isa = PBXFileReference; explicitFileType = wrapper.application; includeInIndex = 0; path = Lab.app; sourceTree = BUILT_PRODUCTS_DIR; };
		27CA001C2B75F05100B5B37F /* LabApp.swift */ = {isa = PBXFileReference; lastKnownFileType = sourcecode.swift; path = LabApp.swift; sourceTree = "<group>"; };
		27CA001E2B75F05100B5B37F /* ContentView.swift */ = {isa = PBXFileReference; lastKnownFileType = sourcecode.swift; path = ContentView.swift; sourceTree = "<group>"; };
		27CA00202B75F05300B5B37F /* Assets.xcassets */ = {isa = PBXFileReference; lastKnownFileType = folder.assetcatalog; path = Assets.xcassets; sourceTree = "<group>"; };
		27CA00222B75F05300B5B37F /* Lab.entitlements */ = {isa = PBXFileReference; lastKnownFileType = text.plist.entitlements; path = Lab.entitlements; sourceTree = "<group>"; };
		27CA00242B75F05300B5B37F /* Preview Assets.xcassets */ = {isa = PBXFileReference; lastKnownFileType = folder.assetcatalog; path = "Preview Assets.xcassets"; sourceTree = "<group>"; };
		27CA002A2B75F05400B5B37F /* LabTests.xctest */ = {isa = PBXFileReference; explicitFileType = wrapper.cfbundle; includeInIndex = 0; path = LabTests.xctest; sourceTree = BUILT_PRODUCTS_DIR; };
		27CA002E2B75F05400B5B37F /* LabTests.swift */ = {isa = PBXFileReference; lastKnownFileType = sourcecode.swift; path = LabTests.swift; sourceTree = "<group>"; };
		27CA00342B75F05400B5B37F /* LabUITests.xctest */ = {isa = PBXFileReference; explicitFileType = wrapper.cfbundle; includeInIndex = 0; path = LabUITests.xctest; sourceTree = BUILT_PRODUCTS_DIR; };
		27CA00382B75F05400B5B37F /* LabUITests.swift */ = {isa = PBXFileReference; lastKnownFileType = sourcecode.swift; path = LabUITests.swift; sourceTree = "<group>"; };
		27CA003A2B75F05400B5B37F /* LabUITestsLaunchTests.swift */ = {isa = PBXFileReference; lastKnownFileType = sourcecode.swift; path = LabUITestsLaunchTests.swift; sourceTree = "<group>"; };
/* End PBXFileReference section */

/* Begin PBXFrameworksBuildPhase section */
		27CA00162B75F05100B5B37F /* Frameworks */ = {
			isa = PBXFrameworksBuildPhase;
			buildActionMask = 2147483647;
			files = (
			);
			runOnlyForDeploymentPostprocessing = 0;
		};
		27CA00272B75F05400B5B37F /* Frameworks */ = {
			isa = PBXFrameworksBuildPhase;
			buildActionMask = 2147483647;
			files = (
			);
			runOnlyForDeploymentPostprocessing = 0;
		};
		27CA00312B75F05400B5B37F /* Frameworks */ = {
			isa = PBXFrameworksBuildPhase;
			buildActionMask = 2147483647;
			files = (
			);
			runOnlyForDeploymentPostprocessing = 0;
		};
/* End PBXFrameworksBuildPhase section */

/* Begin PBXGroup section */
		27AFCB2A2B8081A4006258FC /* EmojigmaV2 */ = {
			isa = PBXGroup;
			children = (
				27AFCB1E2B807E18006258FC /* EmojigmaMainView.swift */,
				27AFCB222B807F1F006258FC /* EmojigmaPickerModel.swift */,
				27AFCB242B807F92006258FC /* EmojigmaPickerView.swift */,
				27AFCB262B808027006258FC /* UIPickerView+Extensions.swift */,
				27AFCB282B80805B006258FC /* EmojigmaTextView.swift */,
			);
			path = EmojigmaV2;
			sourceTree = "<group>";
		};
		27CA00102B75F05100B5B37F = {
			isa = PBXGroup;
			children = (
				27CA001B2B75F05100B5B37F /* Lab */,
				27CA002D2B75F05400B5B37F /* LabTests */,
				27CA00372B75F05400B5B37F /* LabUITests */,
				27CA001A2B75F05100B5B37F /* Products */,
			);
			sourceTree = "<group>";
		};
		27CA001A2B75F05100B5B37F /* Products */ = {
			isa = PBXGroup;
			children = (
				27CA00192B75F05100B5B37F /* Lab.app */,
				27CA002A2B75F05400B5B37F /* LabTests.xctest */,
				27CA00342B75F05400B5B37F /* LabUITests.xctest */,
			);
			name = Products;
			sourceTree = "<group>";
		};
		27CA001B2B75F05100B5B37F /* Lab */ = {
			isa = PBXGroup;
			children = (
				27CA001C2B75F05100B5B37F /* LabApp.swift */,
				27CA001E2B75F05100B5B37F /* ContentView.swift */,
				27AFCB2A2B8081A4006258FC /* EmojigmaV2 */,
				27CA00202B75F05300B5B37F /* Assets.xcassets */,
				27CA00222B75F05300B5B37F /* Lab.entitlements */,
				27CA00232B75F05300B5B37F /* Preview Content */,
			);
			path = Lab;
			sourceTree = "<group>";
		};
		27CA00232B75F05300B5B37F /* Preview Content */ = {
			isa = PBXGroup;
			children = (
				27CA00242B75F05300B5B37F /* Preview Assets.xcassets */,
			);
			path = "Preview Content";
			sourceTree = "<group>";
		};
		27CA002D2B75F05400B5B37F /* LabTests */ = {
			isa = PBXGroup;
			children = (
				27CA002E2B75F05400B5B37F /* LabTests.swift */,
			);
			path = LabTests;
			sourceTree = "<group>";
		};
		27CA00372B75F05400B5B37F /* LabUITests */ = {
			isa = PBXGroup;
			children = (
				27CA00382B75F05400B5B37F /* LabUITests.swift */,
				27CA003A2B75F05400B5B37F /* LabUITestsLaunchTests.swift */,
			);
			path = LabUITests;
			sourceTree = "<group>";
		};
/* End PBXGroup section */

/* Begin PBXNativeTarget section */
		27CA00182B75F05100B5B37F /* Lab */ = {
			isa = PBXNativeTarget;
			buildConfigurationList = 27CA003E2B75F05400B5B37F /* Build configuration list for PBXNativeTarget "Lab" */;
			buildPhases = (
				27CA00152B75F05100B5B37F /* Sources */,
				27CA00162B75F05100B5B37F /* Frameworks */,
				27CA00172B75F05100B5B37F /* Resources */,
			);
			buildRules = (
			);
			dependencies = (
			);
			name = Lab;
			productName = Lab;
			productReference = 27CA00192B75F05100B5B37F /* Lab.app */;
			productType = "com.apple.product-type.application";
		};
		27CA00292B75F05400B5B37F /* LabTests */ = {
			isa = PBXNativeTarget;
			buildConfigurationList = 27CA00412B75F05400B5B37F /* Build configuration list for PBXNativeTarget "LabTests" */;
			buildPhases = (
				27CA00262B75F05400B5B37F /* Sources */,
				27CA00272B75F05400B5B37F /* Frameworks */,
				27CA00282B75F05400B5B37F /* Resources */,
			);
			buildRules = (
			);
			dependencies = (
				27CA002C2B75F05400B5B37F /* PBXTargetDependency */,
			);
			name = LabTests;
			productName = LabTests;
			productReference = 27CA002A2B75F05400B5B37F /* LabTests.xctest */;
			productType = "com.apple.product-type.bundle.unit-test";
		};
		27CA00332B75F05400B5B37F /* LabUITests */ = {
			isa = PBXNativeTarget;
			buildConfigurationList = 27CA00442B75F05400B5B37F /* Build configuration list for PBXNativeTarget "LabUITests" */;
			buildPhases = (
				27CA00302B75F05400B5B37F /* Sources */,
				27CA00312B75F05400B5B37F /* Frameworks */,
				27CA00322B75F05400B5B37F /* Resources */,
			);
			buildRules = (
			);
			dependencies = (
				27CA00362B75F05400B5B37F /* PBXTargetDependency */,
			);
			name = LabUITests;
			productName = LabUITests;
			productReference = 27CA00342B75F05400B5B37F /* LabUITests.xctest */;
			productType = "com.apple.product-type.bundle.ui-testing";
		};
/* End PBXNativeTarget section */

/* Begin PBXProject section */
		27CA00112B75F05100B5B37F /* Project object */ = {
			isa = PBXProject;
			attributes = {
				BuildIndependentTargetsInParallel = 1;
				LastSwiftUpdateCheck = 1520;
				LastUpgradeCheck = 1520;
				TargetAttributes = {
					27CA00182B75F05100B5B37F = {
						CreatedOnToolsVersion = 15.2;
					};
					27CA00292B75F05400B5B37F = {
						CreatedOnToolsVersion = 15.2;
						TestTargetID = 27CA00182B75F05100B5B37F;
					};
					27CA00332B75F05400B5B37F = {
						CreatedOnToolsVersion = 15.2;
						TestTargetID = 27CA00182B75F05100B5B37F;
					};
				};
			};
			buildConfigurationList = 27CA00142B75F05100B5B37F /* Build configuration list for PBXProject "Lab" */;
			compatibilityVersion = "Xcode 14.0";
			developmentRegion = en;
			hasScannedForEncodings = 0;
			knownRegions = (
				en,
				Base,
			);
			mainGroup = 27CA00102B75F05100B5B37F;
			productRefGroup = 27CA001A2B75F05100B5B37F /* Products */;
			projectDirPath = "";
			projectRoot = "";
			targets = (
				27CA00182B75F05100B5B37F /* Lab */,
				27CA00292B75F05400B5B37F /* LabTests */,
				27CA00332B75F05400B5B37F /* LabUITests */,
			);
		};
/* End PBXProject section */

/* Begin PBXResourcesBuildPhase section */
		27CA00172B75F05100B5B37F /* Resources */ = {
			isa = PBXResourcesBuildPhase;
			buildActionMask = 2147483647;
			files = (
				27CA00252B75F05300B5B37F /* Preview Assets.xcassets in Resources */,
				27CA00212B75F05300B5B37F /* Assets.xcassets in Resources */,
			);
			runOnlyForDeploymentPostprocessing = 0;
		};
		27CA00282B75F05400B5B37F /* Resources */ = {
			isa = PBXResourcesBuildPhase;
			buildActionMask = 2147483647;
			files = (
			);
			runOnlyForDeploymentPostprocessing = 0;
		};
		27CA00322B75F05400B5B37F /* Resources */ = {
			isa = PBXResourcesBuildPhase;
			buildActionMask = 2147483647;
			files = (
			);
			runOnlyForDeploymentPostprocessing = 0;
		};
/* End PBXResourcesBuildPhase section */

/* Begin PBXSourcesBuildPhase section */
		27CA00152B75F05100B5B37F /* Sources */ = {
			isa = PBXSourcesBuildPhase;
			buildActionMask = 2147483647;
			files = (
				27AFCB232B807F1F006258FC /* EmojigmaPickerModel.swift in Sources */,
				27AFCB1F2B807E18006258FC /* EmojigmaMainView.swift in Sources */,
				27CA001F2B75F05100B5B37F /* ContentView.swift in Sources */,
				27AFCB252B807F92006258FC /* EmojigmaPickerView.swift in Sources */,
				27AFCB272B808027006258FC /* UIPickerView+Extensions.swift in Sources */,
				27CA001D2B75F05100B5B37F /* LabApp.swift in Sources */,
				27AFCB292B80805B006258FC /* EmojigmaTextView.swift in Sources */,
			);
			runOnlyForDeploymentPostprocessing = 0;
		};
		27CA00262B75F05400B5B37F /* Sources */ = {
			isa = PBXSourcesBuildPhase;
			buildActionMask = 2147483647;
			files = (
				27CA002F2B75F05400B5B37F /* LabTests.swift in Sources */,
			);
			runOnlyForDeploymentPostprocessing = 0;
		};
		27CA00302B75F05400B5B37F /* Sources */ = {
			isa = PBXSourcesBuildPhase;
			buildActionMask = 2147483647;
			files = (
				27CA003B2B75F05400B5B37F /* LabUITestsLaunchTests.swift in Sources */,
				27CA00392B75F05400B5B37F /* LabUITests.swift in Sources */,
			);
			runOnlyForDeploymentPostprocessing = 0;
		};
/* End PBXSourcesBuildPhase section */

/* Begin PBXTargetDependency section */
		27CA002C2B75F05400B5B37F /* PBXTargetDependency */ = {
			isa = PBXTargetDependency;
			target = 27CA00182B75F05100B5B37F /* Lab */;
			targetProxy = 27CA002B2B75F05400B5B37F /* PBXContainerItemProxy */;
		};
		27CA00362B75F05400B5B37F /* PBXTargetDependency */ = {
			isa = PBXTargetDependency;
			target = 27CA00182B75F05100B5B37F /* Lab */;
			targetProxy = 27CA00352B75F05400B5B37F /* PBXContainerItemProxy */;
		};
/* End PBXTargetDependency section */

/* Begin XCBuildConfiguration section */
		27CA003C2B75F05400B5B37F /* Debug */ = {
			isa = XCBuildConfiguration;
			buildSettings = {
				ALWAYS_SEARCH_USER_PATHS = NO;
				ASSETCATALOG_COMPILER_GENERATE_SWIFT_ASSET_SYMBOL_EXTENSIONS = YES;
				CLANG_ANALYZER_NONNULL = YES;
				CLANG_ANALYZER_NUMBER_OBJECT_CONVERSION = YES_AGGRESSIVE;
				CLANG_CXX_LANGUAGE_STANDARD = "gnu++20";
				CLANG_ENABLE_MODULES = YES;
				CLANG_ENABLE_OBJC_ARC = YES;
				CLANG_ENABLE_OBJC_WEAK = YES;
				CLANG_WARN_BLOCK_CAPTURE_AUTORELEASING = YES;
				CLANG_WARN_BOOL_CONVERSION = YES;
				CLANG_WARN_COMMA = YES;
				CLANG_WARN_CONSTANT_CONVERSION = YES;
				CLANG_WARN_DEPRECATED_OBJC_IMPLEMENTATIONS = YES;
				CLANG_WARN_DIRECT_OBJC_ISA_USAGE = YES_ERROR;
				CLANG_WARN_DOCUMENTATION_COMMENTS = YES;
				CLANG_WARN_EMPTY_BODY = YES;
				CLANG_WARN_ENUM_CONVERSION = YES;
				CLANG_WARN_INFINITE_RECURSION = YES;
				CLANG_WARN_INT_CONVERSION = YES;
				CLANG_WARN_NON_LITERAL_NULL_CONVERSION = YES;
				CLANG_WARN_OBJC_IMPLICIT_RETAIN_SELF = YES;
				CLANG_WARN_OBJC_LITERAL_CONVERSION = YES;
				CLANG_WARN_OBJC_ROOT_CLASS = YES_ERROR;
				CLANG_WARN_QUOTED_INCLUDE_IN_FRAMEWORK_HEADER = YES;
				CLANG_WARN_RANGE_LOOP_ANALYSIS = YES;
				CLANG_WARN_STRICT_PROTOTYPES = YES;
				CLANG_WARN_SUSPICIOUS_MOVE = YES;
				CLANG_WARN_UNGUARDED_AVAILABILITY = YES_AGGRESSIVE;
				CLANG_WARN_UNREACHABLE_CODE = YES;
				CLANG_WARN__DUPLICATE_METHOD_MATCH = YES;
				COPY_PHASE_STRIP = NO;
				DEBUG_INFORMATION_FORMAT = dwarf;
				ENABLE_STRICT_OBJC_MSGSEND = YES;
				ENABLE_TESTABILITY = YES;
				ENABLE_USER_SCRIPT_SANDBOXING = YES;
				GCC_C_LANGUAGE_STANDARD = gnu17;
				GCC_DYNAMIC_NO_PIC = NO;
				GCC_NO_COMMON_BLOCKS = YES;
				GCC_OPTIMIZATION_LEVEL = 0;
				GCC_PREPROCESSOR_DEFINITIONS = (
					"DEBUG=1",
					"$(inherited)",
				);
				GCC_WARN_64_TO_32_BIT_CONVERSION = YES;
				GCC_WARN_ABOUT_RETURN_TYPE = YES_ERROR;
				GCC_WARN_UNDECLARED_SELECTOR = YES;
				GCC_WARN_UNINITIALIZED_AUTOS = YES_AGGRESSIVE;
				GCC_WARN_UNUSED_FUNCTION = YES;
				GCC_WARN_UNUSED_VARIABLE = YES;
				LOCALIZATION_PREFERS_STRING_CATALOGS = YES;
				MTL_ENABLE_DEBUG_INFO = INCLUDE_SOURCE;
				MTL_FAST_MATH = YES;
				ONLY_ACTIVE_ARCH = YES;
				SWIFT_ACTIVE_COMPILATION_CONDITIONS = "DEBUG $(inherited)";
				SWIFT_OPTIMIZATION_LEVEL = "-Onone";
			};
			name = Debug;
		};
		27CA003D2B75F05400B5B37F /* Release */ = {
			isa = XCBuildConfiguration;
			buildSettings = {
				ALWAYS_SEARCH_USER_PATHS = NO;
				ASSETCATALOG_COMPILER_GENERATE_SWIFT_ASSET_SYMBOL_EXTENSIONS = YES;
				CLANG_ANALYZER_NONNULL = YES;
				CLANG_ANALYZER_NUMBER_OBJECT_CONVERSION = YES_AGGRESSIVE;
				CLANG_CXX_LANGUAGE_STANDARD = "gnu++20";
				CLANG_ENABLE_MODULES = YES;
				CLANG_ENABLE_OBJC_ARC = YES;
				CLANG_ENABLE_OBJC_WEAK = YES;
				CLANG_WARN_BLOCK_CAPTURE_AUTORELEASING = YES;
				CLANG_WARN_BOOL_CONVERSION = YES;
				CLANG_WARN_COMMA = YES;
				CLANG_WARN_CONSTANT_CONVERSION = YES;
				CLANG_WARN_DEPRECATED_OBJC_IMPLEMENTATIONS = YES;
				CLANG_WARN_DIRECT_OBJC_ISA_USAGE = YES_ERROR;
				CLANG_WARN_DOCUMENTATION_COMMENTS = YES;
				CLANG_WARN_EMPTY_BODY = YES;
				CLANG_WARN_ENUM_CONVERSION = YES;
				CLANG_WARN_INFINITE_RECURSION = YES;
				CLANG_WARN_INT_CONVERSION = YES;
				CLANG_WARN_NON_LITERAL_NULL_CONVERSION = YES;
				CLANG_WARN_OBJC_IMPLICIT_RETAIN_SELF = YES;
				CLANG_WARN_OBJC_LITERAL_CONVERSION = YES;
				CLANG_WARN_OBJC_ROOT_CLASS = YES_ERROR;
				CLANG_WARN_QUOTED_INCLUDE_IN_FRAMEWORK_HEADER = YES;
				CLANG_WARN_RANGE_LOOP_ANALYSIS = YES;
				CLANG_WARN_STRICT_PROTOTYPES = YES;
				CLANG_WARN_SUSPICIOUS_MOVE = YES;
				CLANG_WARN_UNGUARDED_AVAILABILITY = YES_AGGRESSIVE;
				CLANG_WARN_UNREACHABLE_CODE = YES;
				CLANG_WARN__DUPLICATE_METHOD_MATCH = YES;
				COPY_PHASE_STRIP = NO;
				DEBUG_INFORMATION_FORMAT = "dwarf-with-dsym";
				ENABLE_NS_ASSERTIONS = NO;
				ENABLE_STRICT_OBJC_MSGSEND = YES;
				ENABLE_USER_SCRIPT_SANDBOXING = YES;
				GCC_C_LANGUAGE_STANDARD = gnu17;
				GCC_NO_COMMON_BLOCKS = YES;
				GCC_WARN_64_TO_32_BIT_CONVERSION = YES;
				GCC_WARN_ABOUT_RETURN_TYPE = YES_ERROR;
				GCC_WARN_UNDECLARED_SELECTOR = YES;
				GCC_WARN_UNINITIALIZED_AUTOS = YES_AGGRESSIVE;
				GCC_WARN_UNUSED_FUNCTION = YES;
				GCC_WARN_UNUSED_VARIABLE = YES;
				LOCALIZATION_PREFERS_STRING_CATALOGS = YES;
				MTL_ENABLE_DEBUG_INFO = NO;
				MTL_FAST_MATH = YES;
				SWIFT_COMPILATION_MODE = wholemodule;
			};
			name = Release;
		};
		27CA003F2B75F05400B5B37F /* Debug */ = {
			isa = XCBuildConfiguration;
			buildSettings = {
				ASSETCATALOG_COMPILER_APPICON_NAME = AppIcon;
				ASSETCATALOG_COMPILER_GLOBAL_ACCENT_COLOR_NAME = AccentColor;
				CODE_SIGN_ENTITLEMENTS = Lab/Lab.entitlements;
				CODE_SIGN_STYLE = Automatic;
				CURRENT_PROJECT_VERSION = 1;
				DEVELOPMENT_ASSET_PATHS = "\"Lab/Preview Content\"";
				ENABLE_PREVIEWS = YES;
				GENERATE_INFOPLIST_FILE = YES;
				"INFOPLIST_KEY_UIApplicationSceneManifest_Generation[sdk=iphoneos*]" = YES;
				"INFOPLIST_KEY_UIApplicationSceneManifest_Generation[sdk=iphonesimulator*]" = YES;
				"INFOPLIST_KEY_UIApplicationSupportsIndirectInputEvents[sdk=iphoneos*]" = YES;
				"INFOPLIST_KEY_UIApplicationSupportsIndirectInputEvents[sdk=iphonesimulator*]" = YES;
				"INFOPLIST_KEY_UILaunchScreen_Generation[sdk=iphoneos*]" = YES;
				"INFOPLIST_KEY_UILaunchScreen_Generation[sdk=iphonesimulator*]" = YES;
				"INFOPLIST_KEY_UIStatusBarStyle[sdk=iphoneos*]" = UIStatusBarStyleDefault;
				"INFOPLIST_KEY_UIStatusBarStyle[sdk=iphonesimulator*]" = UIStatusBarStyleDefault;
				INFOPLIST_KEY_UISupportedInterfaceOrientations_iPad = "UIInterfaceOrientationPortrait UIInterfaceOrientationPortraitUpsideDown UIInterfaceOrientationLandscapeLeft UIInterfaceOrientationLandscapeRight";
				INFOPLIST_KEY_UISupportedInterfaceOrientations_iPhone = "UIInterfaceOrientationPortrait UIInterfaceOrientationLandscapeLeft UIInterfaceOrientationLandscapeRight";
				IPHONEOS_DEPLOYMENT_TARGET = 17.2;
				LD_RUNPATH_SEARCH_PATHS = "@executable_path/Frameworks";
				"LD_RUNPATH_SEARCH_PATHS[sdk=macosx*]" = "@executable_path/../Frameworks";
				MACOSX_DEPLOYMENT_TARGET = 14.0;
				MARKETING_VERSION = 1.0;
				PRODUCT_BUNDLE_IDENTIFIER = SF.Lab;
				PRODUCT_NAME = "$(TARGET_NAME)";
				SDKROOT = auto;
				SUPPORTED_PLATFORMS = "iphoneos iphonesimulator macosx";
				SWIFT_EMIT_LOC_STRINGS = YES;
				SWIFT_VERSION = 5.0;
				TARGETED_DEVICE_FAMILY = "1,2";
			};
			name = Debug;
		};
		27CA00402B75F05400B5B37F /* Release */ = {
			isa = XCBuildConfiguration;
			buildSettings = {
				ASSETCATALOG_COMPILER_APPICON_NAME = AppIcon;
				ASSETCATALOG_COMPILER_GLOBAL_ACCENT_COLOR_NAME = AccentColor;
				CODE_SIGN_ENTITLEMENTS = Lab/Lab.entitlements;
				CODE_SIGN_STYLE = Automatic;
				CURRENT_PROJECT_VERSION = 1;
				DEVELOPMENT_ASSET_PATHS = "\"Lab/Preview Content\"";
				ENABLE_PREVIEWS = YES;
				GENERATE_INFOPLIST_FILE = YES;
				"INFOPLIST_KEY_UIApplicationSceneManifest_Generation[sdk=iphoneos*]" = YES;
				"INFOPLIST_KEY_UIApplicationSceneManifest_Generation[sdk=iphonesimulator*]" = YES;
				"INFOPLIST_KEY_UIApplicationSupportsIndirectInputEvents[sdk=iphoneos*]" = YES;
				"INFOPLIST_KEY_UIApplicationSupportsIndirectInputEvents[sdk=iphonesimulator*]" = YES;
				"INFOPLIST_KEY_UILaunchScreen_Generation[sdk=iphoneos*]" = YES;
				"INFOPLIST_KEY_UILaunchScreen_Generation[sdk=iphonesimulator*]" = YES;
				"INFOPLIST_KEY_UIStatusBarStyle[sdk=iphoneos*]" = UIStatusBarStyleDefault;
				"INFOPLIST_KEY_UIStatusBarStyle[sdk=iphonesimulator*]" = UIStatusBarStyleDefault;
				INFOPLIST_KEY_UISupportedInterfaceOrientations_iPad = "UIInterfaceOrientationPortrait UIInterfaceOrientationPortraitUpsideDown UIInterfaceOrientationLandscapeLeft UIInterfaceOrientationLandscapeRight";
				INFOPLIST_KEY_UISupportedInterfaceOrientations_iPhone = "UIInterfaceOrientationPortrait UIInterfaceOrientationLandscapeLeft UIInterfaceOrientationLandscapeRight";
				IPHONEOS_DEPLOYMENT_TARGET = 17.2;
				LD_RUNPATH_SEARCH_PATHS = "@executable_path/Frameworks";
				"LD_RUNPATH_SEARCH_PATHS[sdk=macosx*]" = "@executable_path/../Frameworks";
				MACOSX_DEPLOYMENT_TARGET = 14.0;
				MARKETING_VERSION = 1.0;
				PRODUCT_BUNDLE_IDENTIFIER = SF.Lab;
				PRODUCT_NAME = "$(TARGET_NAME)";
				SDKROOT = auto;
				SUPPORTED_PLATFORMS = "iphoneos iphonesimulator macosx";
				SWIFT_EMIT_LOC_STRINGS = YES;
				SWIFT_VERSION = 5.0;
				TARGETED_DEVICE_FAMILY = "1,2";
			};
			name = Release;
		};
		27CA00422B75F05400B5B37F /* Debug */ = {
			isa = XCBuildConfiguration;
			buildSettings = {
				ALWAYS_EMBED_SWIFT_STANDARD_LIBRARIES = YES;
				BUNDLE_LOADER = "$(TEST_HOST)";
				CODE_SIGN_STYLE = Automatic;
				CURRENT_PROJECT_VERSION = 1;
				GENERATE_INFOPLIST_FILE = YES;
				IPHONEOS_DEPLOYMENT_TARGET = 17.2;
				MACOSX_DEPLOYMENT_TARGET = 14.0;
				MARKETING_VERSION = 1.0;
				PRODUCT_BUNDLE_IDENTIFIER = SF.LabTests;
				PRODUCT_NAME = "$(TARGET_NAME)";
				SDKROOT = auto;
				SUPPORTED_PLATFORMS = "iphoneos iphonesimulator macosx";
				SWIFT_EMIT_LOC_STRINGS = NO;
				SWIFT_VERSION = 5.0;
				TARGETED_DEVICE_FAMILY = "1,2";
				TEST_HOST = "$(BUILT_PRODUCTS_DIR)/Lab.app/$(BUNDLE_EXECUTABLE_FOLDER_PATH)/Lab";
			};
			name = Debug;
		};
		27CA00432B75F05400B5B37F /* Release */ = {
			isa = XCBuildConfiguration;
			buildSettings = {
				ALWAYS_EMBED_SWIFT_STANDARD_LIBRARIES = YES;
				BUNDLE_LOADER = "$(TEST_HOST)";
				CODE_SIGN_STYLE = Automatic;
				CURRENT_PROJECT_VERSION = 1;
				GENERATE_INFOPLIST_FILE = YES;
				IPHONEOS_DEPLOYMENT_TARGET = 17.2;
				MACOSX_DEPLOYMENT_TARGET = 14.0;
				MARKETING_VERSION = 1.0;
				PRODUCT_BUNDLE_IDENTIFIER = SF.LabTests;
				PRODUCT_NAME = "$(TARGET_NAME)";
				SDKROOT = auto;
				SUPPORTED_PLATFORMS = "iphoneos iphonesimulator macosx";
				SWIFT_EMIT_LOC_STRINGS = NO;
				SWIFT_VERSION = 5.0;
				TARGETED_DEVICE_FAMILY = "1,2";
				TEST_HOST = "$(BUILT_PRODUCTS_DIR)/Lab.app/$(BUNDLE_EXECUTABLE_FOLDER_PATH)/Lab";
			};
			name = Release;
		};
		27CA00452B75F05400B5B37F /* Debug */ = {
			isa = XCBuildConfiguration;
			buildSettings = {
				ALWAYS_EMBED_SWIFT_STANDARD_LIBRARIES = YES;
				CODE_SIGN_STYLE = Automatic;
				CURRENT_PROJECT_VERSION = 1;
				GENERATE_INFOPLIST_FILE = YES;
				IPHONEOS_DEPLOYMENT_TARGET = 17.2;
				MACOSX_DEPLOYMENT_TARGET = 14.0;
				MARKETING_VERSION = 1.0;
				PRODUCT_BUNDLE_IDENTIFIER = SF.LabUITests;
				PRODUCT_NAME = "$(TARGET_NAME)";
				SDKROOT = auto;
				SUPPORTED_PLATFORMS = "iphoneos iphonesimulator macosx";
				SWIFT_EMIT_LOC_STRINGS = NO;
				SWIFT_VERSION = 5.0;
				TARGETED_DEVICE_FAMILY = "1,2";
				TEST_TARGET_NAME = Lab;
			};
			name = Debug;
		};
		27CA00462B75F05400B5B37F /* Release */ = {
			isa = XCBuildConfiguration;
			buildSettings = {
				ALWAYS_EMBED_SWIFT_STANDARD_LIBRARIES = YES;
				CODE_SIGN_STYLE = Automatic;
				CURRENT_PROJECT_VERSION = 1;
				GENERATE_INFOPLIST_FILE = YES;
				IPHONEOS_DEPLOYMENT_TARGET = 17.2;
				MACOSX_DEPLOYMENT_TARGET = 14.0;
				MARKETING_VERSION = 1.0;
				PRODUCT_BUNDLE_IDENTIFIER = SF.LabUITests;
				PRODUCT_NAME = "$(TARGET_NAME)";
				SDKROOT = auto;
				SUPPORTED_PLATFORMS = "iphoneos iphonesimulator macosx";
				SWIFT_EMIT_LOC_STRINGS = NO;
				SWIFT_VERSION = 5.0;
				TARGETED_DEVICE_FAMILY = "1,2";
				TEST_TARGET_NAME = Lab;
			};
			name = Release;
		};
/* End XCBuildConfiguration section */

/* Begin XCConfigurationList section */
		27CA00142B75F05100B5B37F /* Build configuration list for PBXProject "Lab" */ = {
			isa = XCConfigurationList;
			buildConfigurations = (
				27CA003C2B75F05400B5B37F /* Debug */,
				27CA003D2B75F05400B5B37F /* Release */,
			);
			defaultConfigurationIsVisible = 0;
			defaultConfigurationName = Release;
		};
		27CA003E2B75F05400B5B37F /* Build configuration list for PBXNativeTarget "Lab" */ = {
			isa = XCConfigurationList;
			buildConfigurations = (
				27CA003F2B75F05400B5B37F /* Debug */,
				27CA00402B75F05400B5B37F /* Release */,
			);
			defaultConfigurationIsVisible = 0;
			defaultConfigurationName = Release;
		};
		27CA00412B75F05400B5B37F /* Build configuration list for PBXNativeTarget "LabTests" */ = {
			isa = XCConfigurationList;
			buildConfigurations = (
				27CA00422B75F05400B5B37F /* Debug */,
				27CA00432B75F05400B5B37F /* Release */,
			);
			defaultConfigurationIsVisible = 0;
			defaultConfigurationName = Release;
		};
		27CA00442B75F05400B5B37F /* Build configuration list for PBXNativeTarget "LabUITests" */ = {
			isa = XCConfigurationList;
			buildConfigurations = (
				27CA00452B75F05400B5B37F /* Debug */,
				27CA00462B75F05400B5B37F /* Release */,
			);
			defaultConfigurationIsVisible = 0;
			defaultConfigurationName = Release;
		};
/* End XCConfigurationList section */
	};
	rootObject = 27CA00112B75F05100B5B37F /* Project object */;
}
