// !$*UTF8*$!
{
	archiveVersion = 1;
	classes = {
	};
	objectVersion = 50;
	objects = {

/* Begin PBXBuildFile section */
		B22B955126E07909005CA857 /* RevealSquare.swift in Sources */ = {isa = PBXBuildFile; fileRef = B22B955026E07909005CA857 /* RevealSquare.swift */; };
		B22B955226E07909005CA857 /* RevealSquare.swift in Sources */ = {isa = PBXBuildFile; fileRef = B22B955026E07909005CA857 /* RevealSquare.swift */; };
		B24E032526C495FC00AC488C /* Tests_iOS.swift in Sources */ = {isa = PBXBuildFile; fileRef = B24E032426C495FC00AC488C /* Tests_iOS.swift */; };
		B24E033026C495FC00AC488C /* Tests_macOS.swift in Sources */ = {isa = PBXBuildFile; fileRef = B24E032F26C495FC00AC488C /* Tests_macOS.swift */; };
		B24E033226C495FC00AC488C /* MesmerizeApp.swift in Sources */ = {isa = PBXBuildFile; fileRef = B24E030926C495FA00AC488C /* MesmerizeApp.swift */; };
		B24E033326C495FC00AC488C /* MesmerizeApp.swift in Sources */ = {isa = PBXBuildFile; fileRef = B24E030926C495FA00AC488C /* MesmerizeApp.swift */; };
		B24E033426C495FC00AC488C /* ContentView.swift in Sources */ = {isa = PBXBuildFile; fileRef = B24E030A26C495FA00AC488C /* ContentView.swift */; };
		B24E033526C495FC00AC488C /* ContentView.swift in Sources */ = {isa = PBXBuildFile; fileRef = B24E030A26C495FA00AC488C /* ContentView.swift */; };
		B24E033626C495FC00AC488C /* Assets.xcassets in Resources */ = {isa = PBXBuildFile; fileRef = B24E030B26C495FC00AC488C /* Assets.xcassets */; };
		B24E033726C495FC00AC488C /* Assets.xcassets in Resources */ = {isa = PBXBuildFile; fileRef = B24E030B26C495FC00AC488C /* Assets.xcassets */; };
		B24E034B26C4966A00AC488C /* ColoredSquareView.swift in Sources */ = {isa = PBXBuildFile; fileRef = B24E034A26C4966A00AC488C /* ColoredSquareView.swift */; };
		B24E034C26C4966A00AC488C /* ColoredSquareView.swift in Sources */ = {isa = PBXBuildFile; fileRef = B24E034A26C4966A00AC488C /* ColoredSquareView.swift */; };
		B24E035226C4CD2100AC488C /* SquareGalleryView.swift in Sources */ = {isa = PBXBuildFile; fileRef = B24E035126C4CD2100AC488C /* SquareGalleryView.swift */; };
		B24E035326C4CD2100AC488C /* SquareGalleryView.swift in Sources */ = {isa = PBXBuildFile; fileRef = B24E035126C4CD2100AC488C /* SquareGalleryView.swift */; };
		B273133826C81FE7001F7B93 /* ColoredSquareRow.swift in Sources */ = {isa = PBXBuildFile; fileRef = B273133726C81FE7001F7B93 /* ColoredSquareRow.swift */; };
		B273133926C81FE7001F7B93 /* ColoredSquareRow.swift in Sources */ = {isa = PBXBuildFile; fileRef = B273133726C81FE7001F7B93 /* ColoredSquareRow.swift */; };
		B2B8C95E26CF651100A99334 /* Color+Random.swift in Sources */ = {isa = PBXBuildFile; fileRef = B2B8C95D26CF651100A99334 /* Color+Random.swift */; };
		B2B8C95F26CF651100A99334 /* Color+Random.swift in Sources */ = {isa = PBXBuildFile; fileRef = B2B8C95D26CF651100A99334 /* Color+Random.swift */; };
/* End PBXBuildFile section */

/* Begin PBXContainerItemProxy section */
		B24E032126C495FC00AC488C /* PBXContainerItemProxy */ = {
			isa = PBXContainerItemProxy;
			containerPortal = B24E030426C495FA00AC488C /* Project object */;
			proxyType = 1;
			remoteGlobalIDString = B24E030F26C495FC00AC488C;
			remoteInfo = "Mesmerize (iOS)";
		};
		B24E032C26C495FC00AC488C /* PBXContainerItemProxy */ = {
			isa = PBXContainerItemProxy;
			containerPortal = B24E030426C495FA00AC488C /* Project object */;
			proxyType = 1;
			remoteGlobalIDString = B24E031726C495FC00AC488C;
			remoteInfo = "Mesmerize (macOS)";
		};
/* End PBXContainerItemProxy section */

/* Begin PBXFileReference section */
		B22B955026E07909005CA857 /* RevealSquare.swift */ = {isa = PBXFileReference; lastKnownFileType = sourcecode.swift; path = RevealSquare.swift; sourceTree = "<group>"; };
		B24E030926C495FA00AC488C /* MesmerizeApp.swift */ = {isa = PBXFileReference; lastKnownFileType = sourcecode.swift; path = MesmerizeApp.swift; sourceTree = "<group>"; };
		B24E030A26C495FA00AC488C /* ContentView.swift */ = {isa = PBXFileReference; lastKnownFileType = sourcecode.swift; path = ContentView.swift; sourceTree = "<group>"; };
		B24E030B26C495FC00AC488C /* Assets.xcassets */ = {isa = PBXFileReference; lastKnownFileType = folder.assetcatalog; path = Assets.xcassets; sourceTree = "<group>"; };
		B24E031026C495FC00AC488C /* Mesmerize.app */ = {isa = PBXFileReference; explicitFileType = wrapper.application; includeInIndex = 0; path = Mesmerize.app; sourceTree = BUILT_PRODUCTS_DIR; };
		B24E031326C495FC00AC488C /* Info.plist */ = {isa = PBXFileReference; lastKnownFileType = text.plist.xml; path = Info.plist; sourceTree = "<group>"; };
		B24E031826C495FC00AC488C /* Mesmerize.app */ = {isa = PBXFileReference; explicitFileType = wrapper.application; includeInIndex = 0; path = Mesmerize.app; sourceTree = BUILT_PRODUCTS_DIR; };
		B24E031A26C495FC00AC488C /* Info.plist */ = {isa = PBXFileReference; lastKnownFileType = text.plist.xml; path = Info.plist; sourceTree = "<group>"; };
		B24E031B26C495FC00AC488C /* macOS.entitlements */ = {isa = PBXFileReference; lastKnownFileType = text.plist.entitlements; path = macOS.entitlements; sourceTree = "<group>"; };
		B24E032026C495FC00AC488C /* Tests iOS.xctest */ = {isa = PBXFileReference; explicitFileType = wrapper.cfbundle; includeInIndex = 0; path = "Tests iOS.xctest"; sourceTree = BUILT_PRODUCTS_DIR; };
		B24E032426C495FC00AC488C /* Tests_iOS.swift */ = {isa = PBXFileReference; lastKnownFileType = sourcecode.swift; path = Tests_iOS.swift; sourceTree = "<group>"; };
		B24E032626C495FC00AC488C /* Info.plist */ = {isa = PBXFileReference; lastKnownFileType = text.plist.xml; path = Info.plist; sourceTree = "<group>"; };
		B24E032B26C495FC00AC488C /* Tests macOS.xctest */ = {isa = PBXFileReference; explicitFileType = wrapper.cfbundle; includeInIndex = 0; path = "Tests macOS.xctest"; sourceTree = BUILT_PRODUCTS_DIR; };
		B24E032F26C495FC00AC488C /* Tests_macOS.swift */ = {isa = PBXFileReference; lastKnownFileType = sourcecode.swift; path = Tests_macOS.swift; sourceTree = "<group>"; };
		B24E033126C495FC00AC488C /* Info.plist */ = {isa = PBXFileReference; lastKnownFileType = text.plist.xml; path = Info.plist; sourceTree = "<group>"; };
		B24E034A26C4966A00AC488C /* ColoredSquareView.swift */ = {isa = PBXFileReference; lastKnownFileType = sourcecode.swift; path = ColoredSquareView.swift; sourceTree = "<group>"; };
		B24E035126C4CD2100AC488C /* SquareGalleryView.swift */ = {isa = PBXFileReference; lastKnownFileType = sourcecode.swift; path = SquareGalleryView.swift; sourceTree = "<group>"; };
		B273133726C81FE7001F7B93 /* ColoredSquareRow.swift */ = {isa = PBXFileReference; lastKnownFileType = sourcecode.swift; path = ColoredSquareRow.swift; sourceTree = "<group>"; };
		B2B8C95D26CF651100A99334 /* Color+Random.swift */ = {isa = PBXFileReference; fileEncoding = 4; lastKnownFileType = sourcecode.swift; path = "Color+Random.swift"; sourceTree = "<group>"; };
/* End PBXFileReference section */

/* Begin PBXFrameworksBuildPhase section */
		B24E030D26C495FC00AC488C /* Frameworks */ = {
			isa = PBXFrameworksBuildPhase;
			buildActionMask = 2147483647;
			files = (
			);
			runOnlyForDeploymentPostprocessing = 0;
		};
		B24E031526C495FC00AC488C /* Frameworks */ = {
			isa = PBXFrameworksBuildPhase;
			buildActionMask = 2147483647;
			files = (
			);
			runOnlyForDeploymentPostprocessing = 0;
		};
		B24E031D26C495FC00AC488C /* Frameworks */ = {
			isa = PBXFrameworksBuildPhase;
			buildActionMask = 2147483647;
			files = (
			);
			runOnlyForDeploymentPostprocessing = 0;
		};
		B24E032826C495FC00AC488C /* Frameworks */ = {
			isa = PBXFrameworksBuildPhase;
			buildActionMask = 2147483647;
			files = (
			);
			runOnlyForDeploymentPostprocessing = 0;
		};
/* End PBXFrameworksBuildPhase section */

/* Begin PBXGroup section */
		B24E030326C495FA00AC488C = {
			isa = PBXGroup;
			children = (
				B2B8C96426CF652800A99334 /* Extensions */,
				B24E030826C495FA00AC488C /* Shared */,
				B24E031226C495FC00AC488C /* iOS */,
				B24E031926C495FC00AC488C /* macOS */,
				B24E032326C495FC00AC488C /* Tests iOS */,
				B24E032E26C495FC00AC488C /* Tests macOS */,
				B24E031126C495FC00AC488C /* Products */,
			);
			sourceTree = "<group>";
		};
		B24E030826C495FA00AC488C /* Shared */ = {
			isa = PBXGroup;
			children = (
				B24E030926C495FA00AC488C /* MesmerizeApp.swift */,
				B24E030A26C495FA00AC488C /* ContentView.swift */,
				B24E030B26C495FC00AC488C /* Assets.xcassets */,
				B24E034A26C4966A00AC488C /* ColoredSquareView.swift */,
				B273133726C81FE7001F7B93 /* ColoredSquareRow.swift */,
				B24E035126C4CD2100AC488C /* SquareGalleryView.swift */,
				B22B955026E07909005CA857 /* RevealSquare.swift */,
			);
			path = Shared;
			sourceTree = "<group>";
		};
		B24E031126C495FC00AC488C /* Products */ = {
			isa = PBXGroup;
			children = (
				B24E031026C495FC00AC488C /* Mesmerize.app */,
				B24E031826C495FC00AC488C /* Mesmerize.app */,
				B24E032026C495FC00AC488C /* Tests iOS.xctest */,
				B24E032B26C495FC00AC488C /* Tests macOS.xctest */,
			);
			name = Products;
			sourceTree = "<group>";
		};
		B24E031226C495FC00AC488C /* iOS */ = {
			isa = PBXGroup;
			children = (
				B24E031326C495FC00AC488C /* Info.plist */,
			);
			path = iOS;
			sourceTree = "<group>";
		};
		B24E031926C495FC00AC488C /* macOS */ = {
			isa = PBXGroup;
			children = (
				B24E031A26C495FC00AC488C /* Info.plist */,
				B24E031B26C495FC00AC488C /* macOS.entitlements */,
			);
			path = macOS;
			sourceTree = "<group>";
		};
		B24E032326C495FC00AC488C /* Tests iOS */ = {
			isa = PBXGroup;
			children = (
				B24E032426C495FC00AC488C /* Tests_iOS.swift */,
				B24E032626C495FC00AC488C /* Info.plist */,
			);
			path = "Tests iOS";
			sourceTree = "<group>";
		};
		B24E032E26C495FC00AC488C /* Tests macOS */ = {
			isa = PBXGroup;
			children = (
				B24E032F26C495FC00AC488C /* Tests_macOS.swift */,
				B24E033126C495FC00AC488C /* Info.plist */,
			);
			path = "Tests macOS";
			sourceTree = "<group>";
		};
		B2B8C96426CF652800A99334 /* Extensions */ = {
			isa = PBXGroup;
			children = (
				B2B8C95D26CF651100A99334 /* Color+Random.swift */,
			);
			path = Extensions;
			sourceTree = "<group>";
		};
/* End PBXGroup section */

/* Begin PBXNativeTarget section */
		B24E030F26C495FC00AC488C /* Mesmerize (iOS) */ = {
			isa = PBXNativeTarget;
			buildConfigurationList = B24E033A26C495FC00AC488C /* Build configuration list for PBXNativeTarget "Mesmerize (iOS)" */;
			buildPhases = (
				B24E030C26C495FC00AC488C /* Sources */,
				B24E030D26C495FC00AC488C /* Frameworks */,
				B24E030E26C495FC00AC488C /* Resources */,
			);
			buildRules = (
			);
			dependencies = (
			);
			name = "Mesmerize (iOS)";
			productName = "Mesmerize (iOS)";
			productReference = B24E031026C495FC00AC488C /* Mesmerize.app */;
			productType = "com.apple.product-type.application";
		};
		B24E031726C495FC00AC488C /* Mesmerize (macOS) */ = {
			isa = PBXNativeTarget;
			buildConfigurationList = B24E033D26C495FC00AC488C /* Build configuration list for PBXNativeTarget "Mesmerize (macOS)" */;
			buildPhases = (
				B24E031426C495FC00AC488C /* Sources */,
				B24E031526C495FC00AC488C /* Frameworks */,
				B24E031626C495FC00AC488C /* Resources */,
			);
			buildRules = (
			);
			dependencies = (
			);
			name = "Mesmerize (macOS)";
			productName = "Mesmerize (macOS)";
			productReference = B24E031826C495FC00AC488C /* Mesmerize.app */;
			productType = "com.apple.product-type.application";
		};
		B24E031F26C495FC00AC488C /* Tests iOS */ = {
			isa = PBXNativeTarget;
			buildConfigurationList = B24E034026C495FC00AC488C /* Build configuration list for PBXNativeTarget "Tests iOS" */;
			buildPhases = (
				B24E031C26C495FC00AC488C /* Sources */,
				B24E031D26C495FC00AC488C /* Frameworks */,
				B24E031E26C495FC00AC488C /* Resources */,
			);
			buildRules = (
			);
			dependencies = (
				B24E032226C495FC00AC488C /* PBXTargetDependency */,
			);
			name = "Tests iOS";
			productName = "Tests iOS";
			productReference = B24E032026C495FC00AC488C /* Tests iOS.xctest */;
			productType = "com.apple.product-type.bundle.ui-testing";
		};
		B24E032A26C495FC00AC488C /* Tests macOS */ = {
			isa = PBXNativeTarget;
			buildConfigurationList = B24E034326C495FC00AC488C /* Build configuration list for PBXNativeTarget "Tests macOS" */;
			buildPhases = (
				B24E032726C495FC00AC488C /* Sources */,
				B24E032826C495FC00AC488C /* Frameworks */,
				B24E032926C495FC00AC488C /* Resources */,
			);
			buildRules = (
			);
			dependencies = (
				B24E032D26C495FC00AC488C /* PBXTargetDependency */,
			);
			name = "Tests macOS";
			productName = "Tests macOS";
			productReference = B24E032B26C495FC00AC488C /* Tests macOS.xctest */;
			productType = "com.apple.product-type.bundle.ui-testing";
		};
/* End PBXNativeTarget section */

/* Begin PBXProject section */
		B24E030426C495FA00AC488C /* Project object */ = {
			isa = PBXProject;
			attributes = {
				LastSwiftUpdateCheck = 1240;
				LastUpgradeCheck = 1240;
				TargetAttributes = {
					B24E030F26C495FC00AC488C = {
						CreatedOnToolsVersion = 12.4;
					};
					B24E031726C495FC00AC488C = {
						CreatedOnToolsVersion = 12.4;
					};
					B24E031F26C495FC00AC488C = {
						CreatedOnToolsVersion = 12.4;
						TestTargetID = B24E030F26C495FC00AC488C;
					};
					B24E032A26C495FC00AC488C = {
						CreatedOnToolsVersion = 12.4;
						TestTargetID = B24E031726C495FC00AC488C;
					};
				};
			};
			buildConfigurationList = B24E030726C495FA00AC488C /* Build configuration list for PBXProject "Mesmerize" */;
			compatibilityVersion = "Xcode 9.3";
			developmentRegion = en;
			hasScannedForEncodings = 0;
			knownRegions = (
				en,
				Base,
			);
			mainGroup = B24E030326C495FA00AC488C;
			productRefGroup = B24E031126C495FC00AC488C /* Products */;
			projectDirPath = "";
			projectRoot = "";
			targets = (
				B24E030F26C495FC00AC488C /* Mesmerize (iOS) */,
				B24E031726C495FC00AC488C /* Mesmerize (macOS) */,
				B24E031F26C495FC00AC488C /* Tests iOS */,
				B24E032A26C495FC00AC488C /* Tests macOS */,
			);
		};
/* End PBXProject section */

/* Begin PBXResourcesBuildPhase section */
		B24E030E26C495FC00AC488C /* Resources */ = {
			isa = PBXResourcesBuildPhase;
			buildActionMask = 2147483647;
			files = (
				B24E033626C495FC00AC488C /* Assets.xcassets in Resources */,
			);
			runOnlyForDeploymentPostprocessing = 0;
		};
		B24E031626C495FC00AC488C /* Resources */ = {
			isa = PBXResourcesBuildPhase;
			buildActionMask = 2147483647;
			files = (
				B24E033726C495FC00AC488C /* Assets.xcassets in Resources */,
			);
			runOnlyForDeploymentPostprocessing = 0;
		};
		B24E031E26C495FC00AC488C /* Resources */ = {
			isa = PBXResourcesBuildPhase;
			buildActionMask = 2147483647;
			files = (
			);
			runOnlyForDeploymentPostprocessing = 0;
		};
		B24E032926C495FC00AC488C /* Resources */ = {
			isa = PBXResourcesBuildPhase;
			buildActionMask = 2147483647;
			files = (
			);
			runOnlyForDeploymentPostprocessing = 0;
		};
/* End PBXResourcesBuildPhase section */

/* Begin PBXSourcesBuildPhase section */
		B24E030C26C495FC00AC488C /* Sources */ = {
			isa = PBXSourcesBuildPhase;
			buildActionMask = 2147483647;
			files = (
				B2B8C95E26CF651100A99334 /* Color+Random.swift in Sources */,
				B24E034B26C4966A00AC488C /* ColoredSquareView.swift in Sources */,
				B24E033426C495FC00AC488C /* ContentView.swift in Sources */,
				B273133826C81FE7001F7B93 /* ColoredSquareRow.swift in Sources */,
				B24E035226C4CD2100AC488C /* SquareGalleryView.swift in Sources */,
				B24E033226C495FC00AC488C /* MesmerizeApp.swift in Sources */,
				B22B955126E07909005CA857 /* RevealSquare.swift in Sources */,
			);
			runOnlyForDeploymentPostprocessing = 0;
		};
		B24E031426C495FC00AC488C /* Sources */ = {
			isa = PBXSourcesBuildPhase;
			buildActionMask = 2147483647;
			files = (
				B2B8C95F26CF651100A99334 /* Color+Random.swift in Sources */,
				B24E034C26C4966A00AC488C /* ColoredSquareView.swift in Sources */,
				B24E033526C495FC00AC488C /* ContentView.swift in Sources */,
				B273133926C81FE7001F7B93 /* ColoredSquareRow.swift in Sources */,
				B24E035326C4CD2100AC488C /* SquareGalleryView.swift in Sources */,
				B24E033326C495FC00AC488C /* MesmerizeApp.swift in Sources */,
				B22B955226E07909005CA857 /* RevealSquare.swift in Sources */,
			);
			runOnlyForDeploymentPostprocessing = 0;
		};
		B24E031C26C495FC00AC488C /* Sources */ = {
			isa = PBXSourcesBuildPhase;
			buildActionMask = 2147483647;
			files = (
				B24E032526C495FC00AC488C /* Tests_iOS.swift in Sources */,
			);
			runOnlyForDeploymentPostprocessing = 0;
		};
		B24E032726C495FC00AC488C /* Sources */ = {
			isa = PBXSourcesBuildPhase;
			buildActionMask = 2147483647;
			files = (
				B24E033026C495FC00AC488C /* Tests_macOS.swift in Sources */,
			);
			runOnlyForDeploymentPostprocessing = 0;
		};
/* End PBXSourcesBuildPhase section */

/* Begin PBXTargetDependency section */
		B24E032226C495FC00AC488C /* PBXTargetDependency */ = {
			isa = PBXTargetDependency;
			target = B24E030F26C495FC00AC488C /* Mesmerize (iOS) */;
			targetProxy = B24E032126C495FC00AC488C /* PBXContainerItemProxy */;
		};
		B24E032D26C495FC00AC488C /* PBXTargetDependency */ = {
			isa = PBXTargetDependency;
			target = B24E031726C495FC00AC488C /* Mesmerize (macOS) */;
			targetProxy = B24E032C26C495FC00AC488C /* PBXContainerItemProxy */;
		};
/* End PBXTargetDependency section */

/* Begin XCBuildConfiguration section */
		B24E033826C495FC00AC488C /* Debug */ = {
			isa = XCBuildConfiguration;
			buildSettings = {
				ALWAYS_SEARCH_USER_PATHS = NO;
				CLANG_ANALYZER_NONNULL = YES;
				CLANG_ANALYZER_NUMBER_OBJECT_CONVERSION = YES_AGGRESSIVE;
				CLANG_CXX_LANGUAGE_STANDARD = "gnu++14";
				CLANG_CXX_LIBRARY = "libc++";
				CLANG_ENABLE_MODULES = YES;
				CLANG_ENABLE_OBJC_ARC = YES;
				CLANG_ENABLE_OBJC_WEAK = YES;
				CLANG_WARN_BLOCK_CAPTURE_AUTORELEASING = YES;
				CLANG_WARN_BOOL_CONVERSION = YES;
				CLANG_WARN_COMMA = YES;
				CLANG_WARN_CONSTANT_CONVERSION = YES;
				CLANG_WARN_DEPRECATED_OBJC_IMPLEMENTATIONS = YES;
				CLANG_WARN_DIRECT_OBJC_ISA_USAGE = YES_ERROR;
				CLANG_WARN_DOCUMENTATION_COMMENTS = YES;
				CLANG_WARN_EMPTY_BODY = YES;
				CLANG_WARN_ENUM_CONVERSION = YES;
				CLANG_WARN_INFINITE_RECURSION = YES;
				CLANG_WARN_INT_CONVERSION = YES;
				CLANG_WARN_NON_LITERAL_NULL_CONVERSION = YES;
				CLANG_WARN_OBJC_IMPLICIT_RETAIN_SELF = YES;
				CLANG_WARN_OBJC_LITERAL_CONVERSION = YES;
				CLANG_WARN_OBJC_ROOT_CLASS = YES_ERROR;
				CLANG_WARN_QUOTED_INCLUDE_IN_FRAMEWORK_HEADER = YES;
				CLANG_WARN_RANGE_LOOP_ANALYSIS = YES;
				CLANG_WARN_STRICT_PROTOTYPES = YES;
				CLANG_WARN_SUSPICIOUS_MOVE = YES;
				CLANG_WARN_UNGUARDED_AVAILABILITY = YES_AGGRESSIVE;
				CLANG_WARN_UNREACHABLE_CODE = YES;
				CLANG_WARN__DUPLICATE_METHOD_MATCH = YES;
				COPY_PHASE_STRIP = NO;
				DEBUG_INFORMATION_FORMAT = dwarf;
				ENABLE_STRICT_OBJC_MSGSEND = YES;
				ENABLE_TESTABILITY = YES;
				GCC_C_LANGUAGE_STANDARD = gnu11;
				GCC_DYNAMIC_NO_PIC = NO;
				GCC_NO_COMMON_BLOCKS = YES;
				GCC_OPTIMIZATION_LEVEL = 0;
				GCC_PREPROCESSOR_DEFINITIONS = (
					"DEBUG=1",
					"$(inherited)",
				);
				GCC_WARN_64_TO_32_BIT_CONVERSION = YES;
				GCC_WARN_ABOUT_RETURN_TYPE = YES_ERROR;
				GCC_WARN_UNDECLARED_SELECTOR = YES;
				GCC_WARN_UNINITIALIZED_AUTOS = YES_AGGRESSIVE;
				GCC_WARN_UNUSED_FUNCTION = YES;
				GCC_WARN_UNUSED_VARIABLE = YES;
				MTL_ENABLE_DEBUG_INFO = INCLUDE_SOURCE;
				MTL_FAST_MATH = YES;
				ONLY_ACTIVE_ARCH = YES;
				SWIFT_ACTIVE_COMPILATION_CONDITIONS = DEBUG;
				SWIFT_OPTIMIZATION_LEVEL = "-Onone";
			};
			name = Debug;
		};
		B24E033926C495FC00AC488C /* Release */ = {
			isa = XCBuildConfiguration;
			buildSettings = {
				ALWAYS_SEARCH_USER_PATHS = NO;
				CLANG_ANALYZER_NONNULL = YES;
				CLANG_ANALYZER_NUMBER_OBJECT_CONVERSION = YES_AGGRESSIVE;
				CLANG_CXX_LANGUAGE_STANDARD = "gnu++14";
				CLANG_CXX_LIBRARY = "libc++";
				CLANG_ENABLE_MODULES = YES;
				CLANG_ENABLE_OBJC_ARC = YES;
				CLANG_ENABLE_OBJC_WEAK = YES;
				CLANG_WARN_BLOCK_CAPTURE_AUTORELEASING = YES;
				CLANG_WARN_BOOL_CONVERSION = YES;
				CLANG_WARN_COMMA = YES;
				CLANG_WARN_CONSTANT_CONVERSION = YES;
				CLANG_WARN_DEPRECATED_OBJC_IMPLEMENTATIONS = YES;
				CLANG_WARN_DIRECT_OBJC_ISA_USAGE = YES_ERROR;
				CLANG_WARN_DOCUMENTATION_COMMENTS = YES;
				CLANG_WARN_EMPTY_BODY = YES;
				CLANG_WARN_ENUM_CONVERSION = YES;
				CLANG_WARN_INFINITE_RECURSION = YES;
				CLANG_WARN_INT_CONVERSION = YES;
				CLANG_WARN_NON_LITERAL_NULL_CONVERSION = YES;
				CLANG_WARN_OBJC_IMPLICIT_RETAIN_SELF = YES;
				CLANG_WARN_OBJC_LITERAL_CONVERSION = YES;
				CLANG_WARN_OBJC_ROOT_CLASS = YES_ERROR;
				CLANG_WARN_QUOTED_INCLUDE_IN_FRAMEWORK_HEADER = YES;
				CLANG_WARN_RANGE_LOOP_ANALYSIS = YES;
				CLANG_WARN_STRICT_PROTOTYPES = YES;
				CLANG_WARN_SUSPICIOUS_MOVE = YES;
				CLANG_WARN_UNGUARDED_AVAILABILITY = YES_AGGRESSIVE;
				CLANG_WARN_UNREACHABLE_CODE = YES;
				CLANG_WARN__DUPLICATE_METHOD_MATCH = YES;
				COPY_PHASE_STRIP = NO;
				DEBUG_INFORMATION_FORMAT = "dwarf-with-dsym";
				ENABLE_NS_ASSERTIONS = NO;
				ENABLE_STRICT_OBJC_MSGSEND = YES;
				GCC_C_LANGUAGE_STANDARD = gnu11;
				GCC_NO_COMMON_BLOCKS = YES;
				GCC_WARN_64_TO_32_BIT_CONVERSION = YES;
				GCC_WARN_ABOUT_RETURN_TYPE = YES_ERROR;
				GCC_WARN_UNDECLARED_SELECTOR = YES;
				GCC_WARN_UNINITIALIZED_AUTOS = YES_AGGRESSIVE;
				GCC_WARN_UNUSED_FUNCTION = YES;
				GCC_WARN_UNUSED_VARIABLE = YES;
				MTL_ENABLE_DEBUG_INFO = NO;
				MTL_FAST_MATH = YES;
				SWIFT_COMPILATION_MODE = wholemodule;
				SWIFT_OPTIMIZATION_LEVEL = "-O";
			};
			name = Release;
		};
		B24E033B26C495FC00AC488C /* Debug */ = {
			isa = XCBuildConfiguration;
			buildSettings = {
				ASSETCATALOG_COMPILER_APPICON_NAME = AppIcon;
				ASSETCATALOG_COMPILER_GLOBAL_ACCENT_COLOR_NAME = AccentColor;
				CODE_SIGN_STYLE = Automatic;
				DEVELOPMENT_TEAM = 94L3XLA8X2;
				ENABLE_PREVIEWS = YES;
				INFOPLIST_FILE = iOS/Info.plist;
				IPHONEOS_DEPLOYMENT_TARGET = 14.0;
				LD_RUNPATH_SEARCH_PATHS = (
					"$(inherited)",
					"@executable_path/Frameworks",
				);
				PRODUCT_BUNDLE_IDENTIFIER = com.sf.Mesmerize;
				PRODUCT_NAME = Mesmerize;
				SDKROOT = iphoneos;
				SWIFT_VERSION = 5.0;
				TARGETED_DEVICE_FAMILY = "1,2";
			};
			name = Debug;
		};
		B24E033C26C495FC00AC488C /* Release */ = {
			isa = XCBuildConfiguration;
			buildSettings = {
				ASSETCATALOG_COMPILER_APPICON_NAME = AppIcon;
				ASSETCATALOG_COMPILER_GLOBAL_ACCENT_COLOR_NAME = AccentColor;
				CODE_SIGN_STYLE = Automatic;
				DEVELOPMENT_TEAM = 94L3XLA8X2;
				ENABLE_PREVIEWS = YES;
				INFOPLIST_FILE = iOS/Info.plist;
				IPHONEOS_DEPLOYMENT_TARGET = 14.0;
				LD_RUNPATH_SEARCH_PATHS = (
					"$(inherited)",
					"@executable_path/Frameworks",
				);
				PRODUCT_BUNDLE_IDENTIFIER = com.sf.Mesmerize;
				PRODUCT_NAME = Mesmerize;
				SDKROOT = iphoneos;
				SWIFT_VERSION = 5.0;
				TARGETED_DEVICE_FAMILY = "1,2";
				VALIDATE_PRODUCT = YES;
			};
			name = Release;
		};
		B24E033E26C495FC00AC488C /* Debug */ = {
			isa = XCBuildConfiguration;
			buildSettings = {
				ASSETCATALOG_COMPILER_APPICON_NAME = AppIcon;
				ASSETCATALOG_COMPILER_GLOBAL_ACCENT_COLOR_NAME = AccentColor;
				CODE_SIGN_ENTITLEMENTS = macOS/macOS.entitlements;
				CODE_SIGN_STYLE = Automatic;
				COMBINE_HIDPI_IMAGES = YES;
				DEVELOPMENT_TEAM = 94L3XLA8X2;
				ENABLE_HARDENED_RUNTIME = YES;
				ENABLE_PREVIEWS = YES;
				INFOPLIST_FILE = macOS/Info.plist;
				LD_RUNPATH_SEARCH_PATHS = (
					"$(inherited)",
					"@executable_path/../Frameworks",
				);
				MACOSX_DEPLOYMENT_TARGET = 11.0;
				PRODUCT_BUNDLE_IDENTIFIER = com.sf.Mesmerize;
				PRODUCT_NAME = Mesmerize;
				SDKROOT = macosx;
				SWIFT_VERSION = 5.0;
			};
			name = Debug;
		};
		B24E033F26C495FC00AC488C /* Release */ = {
			isa = XCBuildConfiguration;
			buildSettings = {
				ASSETCATALOG_COMPILER_APPICON_NAME = AppIcon;
				ASSETCATALOG_COMPILER_GLOBAL_ACCENT_COLOR_NAME = AccentColor;
				CODE_SIGN_ENTITLEMENTS = macOS/macOS.entitlements;
				CODE_SIGN_STYLE = Automatic;
				COMBINE_HIDPI_IMAGES = YES;
				DEVELOPMENT_TEAM = 94L3XLA8X2;
				ENABLE_HARDENED_RUNTIME = YES;
				ENABLE_PREVIEWS = YES;
				INFOPLIST_FILE = macOS/Info.plist;
				LD_RUNPATH_SEARCH_PATHS = (
					"$(inherited)",
					"@executable_path/../Frameworks",
				);
				MACOSX_DEPLOYMENT_TARGET = 11.0;
				PRODUCT_BUNDLE_IDENTIFIER = com.sf.Mesmerize;
				PRODUCT_NAME = Mesmerize;
				SDKROOT = macosx;
				SWIFT_VERSION = 5.0;
			};
			name = Release;
		};
		B24E034126C495FC00AC488C /* Debug */ = {
			isa = XCBuildConfiguration;
			buildSettings = {
				ALWAYS_EMBED_SWIFT_STANDARD_LIBRARIES = YES;
				CODE_SIGN_STYLE = Automatic;
				DEVELOPMENT_TEAM = 94L3XLA8X2;
				INFOPLIST_FILE = "Tests iOS/Info.plist";
				IPHONEOS_DEPLOYMENT_TARGET = 14.4;
				LD_RUNPATH_SEARCH_PATHS = (
					"$(inherited)",
					"@executable_path/Frameworks",
					"@loader_path/Frameworks",
				);
				PRODUCT_BUNDLE_IDENTIFIER = "com.sf.Tests-iOS";
				PRODUCT_NAME = "$(TARGET_NAME)";
				SDKROOT = iphoneos;
				SWIFT_VERSION = 5.0;
				TARGETED_DEVICE_FAMILY = "1,2";
				TEST_TARGET_NAME = "Mesmerize (iOS)";
			};
			name = Debug;
		};
		B24E034226C495FC00AC488C /* Release */ = {
			isa = XCBuildConfiguration;
			buildSettings = {
				ALWAYS_EMBED_SWIFT_STANDARD_LIBRARIES = YES;
				CODE_SIGN_STYLE = Automatic;
				DEVELOPMENT_TEAM = 94L3XLA8X2;
				INFOPLIST_FILE = "Tests iOS/Info.plist";
				IPHONEOS_DEPLOYMENT_TARGET = 14.4;
				LD_RUNPATH_SEARCH_PATHS = (
					"$(inherited)",
					"@executable_path/Frameworks",
					"@loader_path/Frameworks",
				);
				PRODUCT_BUNDLE_IDENTIFIER = "com.sf.Tests-iOS";
				PRODUCT_NAME = "$(TARGET_NAME)";
				SDKROOT = iphoneos;
				SWIFT_VERSION = 5.0;
				TARGETED_DEVICE_FAMILY = "1,2";
				TEST_TARGET_NAME = "Mesmerize (iOS)";
				VALIDATE_PRODUCT = YES;
			};
			name = Release;
		};
		B24E034426C495FC00AC488C /* Debug */ = {
			isa = XCBuildConfiguration;
			buildSettings = {
				ALWAYS_EMBED_SWIFT_STANDARD_LIBRARIES = YES;
				CODE_SIGN_STYLE = Automatic;
				COMBINE_HIDPI_IMAGES = YES;
				DEVELOPMENT_TEAM = 94L3XLA8X2;
				INFOPLIST_FILE = "Tests macOS/Info.plist";
				LD_RUNPATH_SEARCH_PATHS = (
					"$(inherited)",
					"@executable_path/../Frameworks",
					"@loader_path/../Frameworks",
				);
				MACOSX_DEPLOYMENT_TARGET = 10.15;
				PRODUCT_BUNDLE_IDENTIFIER = "com.sf.Tests-macOS";
				PRODUCT_NAME = "$(TARGET_NAME)";
				SDKROOT = macosx;
				SWIFT_VERSION = 5.0;
				TEST_TARGET_NAME = "Mesmerize (macOS)";
			};
			name = Debug;
		};
		B24E034526C495FC00AC488C /* Release */ = {
			isa = XCBuildConfiguration;
			buildSettings = {
				ALWAYS_EMBED_SWIFT_STANDARD_LIBRARIES = YES;
				CODE_SIGN_STYLE = Automatic;
				COMBINE_HIDPI_IMAGES = YES;
				DEVELOPMENT_TEAM = 94L3XLA8X2;
				INFOPLIST_FILE = "Tests macOS/Info.plist";
				LD_RUNPATH_SEARCH_PATHS = (
					"$(inherited)",
					"@executable_path/../Frameworks",
					"@loader_path/../Frameworks",
				);
				MACOSX_DEPLOYMENT_TARGET = 10.15;
				PRODUCT_BUNDLE_IDENTIFIER = "com.sf.Tests-macOS";
				PRODUCT_NAME = "$(TARGET_NAME)";
				SDKROOT = macosx;
				SWIFT_VERSION = 5.0;
				TEST_TARGET_NAME = "Mesmerize (macOS)";
			};
			name = Release;
		};
/* End XCBuildConfiguration section */

/* Begin XCConfigurationList section */
		B24E030726C495FA00AC488C /* Build configuration list for PBXProject "Mesmerize" */ = {
			isa = XCConfigurationList;
			buildConfigurations = (
				B24E033826C495FC00AC488C /* Debug */,
				B24E033926C495FC00AC488C /* Release */,
			);
			defaultConfigurationIsVisible = 0;
			defaultConfigurationName = Release;
		};
		B24E033A26C495FC00AC488C /* Build configuration list for PBXNativeTarget "Mesmerize (iOS)" */ = {
			isa = XCConfigurationList;
			buildConfigurations = (
				B24E033B26C495FC00AC488C /* Debug */,
				B24E033C26C495FC00AC488C /* Release */,
			);
			defaultConfigurationIsVisible = 0;
			defaultConfigurationName = Release;
		};
		B24E033D26C495FC00AC488C /* Build configuration list for PBXNativeTarget "Mesmerize (macOS)" */ = {
			isa = XCConfigurationList;
			buildConfigurations = (
				B24E033E26C495FC00AC488C /* Debug */,
				B24E033F26C495FC00AC488C /* Release */,
			);
			defaultConfigurationIsVisible = 0;
			defaultConfigurationName = Release;
		};
		B24E034026C495FC00AC488C /* Build configuration list for PBXNativeTarget "Tests iOS" */ = {
			isa = XCConfigurationList;
			buildConfigurations = (
				B24E034126C495FC00AC488C /* Debug */,
				B24E034226C495FC00AC488C /* Release */,
			);
			defaultConfigurationIsVisible = 0;
			defaultConfigurationName = Release;
		};
		B24E034326C495FC00AC488C /* Build configuration list for PBXNativeTarget "Tests macOS" */ = {
			isa = XCConfigurationList;
			buildConfigurations = (
				B24E034426C495FC00AC488C /* Debug */,
				B24E034526C495FC00AC488C /* Release */,
			);
			defaultConfigurationIsVisible = 0;
			defaultConfigurationName = Release;
		};
/* End XCConfigurationList section */
	};
	rootObject = B24E030426C495FA00AC488C /* Project object */;
}
